// !$*UTF8*$!
{
	archiveVersion = 1;
	classes = {
	};
	objectVersion = 50;
	objects = {

/* Begin PBXBuildFile section */
		848F5097246D4FAE00112005 /* ColorPickerViewController.swift in Sources */ = {isa = PBXBuildFile; fileRef = 848F5096246D4FAE00112005 /* ColorPickerViewController.swift */; };
		848F509A246D4FE700112005 /* GradientSlider.swift in Sources */ = {isa = PBXBuildFile; fileRef = 848F5099246D4FE700112005 /* GradientSlider.swift */; };
		84A49506246CC0FA00773B5C /* AppDelegate.swift in Sources */ = {isa = PBXBuildFile; fileRef = 84A49505246CC0FA00773B5C /* AppDelegate.swift */; };
		84A49508246CC0FA00773B5C /* SceneDelegate.swift in Sources */ = {isa = PBXBuildFile; fileRef = 84A49507246CC0FA00773B5C /* SceneDelegate.swift */; };
		84A4950A246CC0FA00773B5C /* ImagePickerController.swift in Sources */ = {isa = PBXBuildFile; fileRef = 84A49509246CC0FA00773B5C /* ImagePickerController.swift */; };
		84A4950D246CC0FA00773B5C /* Main.storyboard in Resources */ = {isa = PBXBuildFile; fileRef = 84A4950B246CC0FA00773B5C /* Main.storyboard */; };
		84A4950F246CC0FC00773B5C /* Assets.xcassets in Resources */ = {isa = PBXBuildFile; fileRef = 84A4950E246CC0FC00773B5C /* Assets.xcassets */; };
		84A49512246CC0FC00773B5C /* LaunchScreen.storyboard in Resources */ = {isa = PBXBuildFile; fileRef = 84A49510246CC0FC00773B5C /* LaunchScreen.storyboard */; };
		84A4951D246CC0FD00773B5C /* ArtHubTests.swift in Sources */ = {isa = PBXBuildFile; fileRef = 84A4951C246CC0FD00773B5C /* ArtHubTests.swift */; };
		84A49528246CC0FD00773B5C /* ArtHubUITests.swift in Sources */ = {isa = PBXBuildFile; fileRef = 84A49527246CC0FD00773B5C /* ArtHubUITests.swift */; };
		84A4953B246CC7C100773B5C /* ImagePickerViewController.swift in Sources */ = {isa = PBXBuildFile; fileRef = 84A49538246CC7C100773B5C /* ImagePickerViewController.swift */; };
		84A4953C246CC7C100773B5C /* ItemWithImage.swift in Sources */ = {isa = PBXBuildFile; fileRef = 84A4953A246CC7C100773B5C /* ItemWithImage.swift */; };
		84A49543246CC82600773B5C /* UIView+Extensions.swift in Sources */ = {isa = PBXBuildFile; fileRef = 84A4953D246CC82600773B5C /* UIView+Extensions.swift */; };
		84A49544246CC82600773B5C /* UIViewController+Extensions.swift in Sources */ = {isa = PBXBuildFile; fileRef = 84A4953E246CC82600773B5C /* UIViewController+Extensions.swift */; };
		84A49545246CC82600773B5C /* UIApplication+Extensions.swift in Sources */ = {isa = PBXBuildFile; fileRef = 84A4953F246CC82600773B5C /* UIApplication+Extensions.swift */; };
		84A49546246CC82600773B5C /* UIAlertController+Extensions.swift in Sources */ = {isa = PBXBuildFile; fileRef = 84A49540246CC82600773B5C /* UIAlertController+Extensions.swift */; };
		84A49547246CC82600773B5C /* UIImageView+Extensions.swift in Sources */ = {isa = PBXBuildFile; fileRef = 84A49541246CC82600773B5C /* UIImageView+Extensions.swift */; };
		84A49548246CC82600773B5C /* UIImage+Extensions.swift in Sources */ = {isa = PBXBuildFile; fileRef = 84A49542246CC82600773B5C /* UIImage+Extensions.swift */; };
		84A4954B246CC8C800773B5C /* Common+Extensions.swift in Sources */ = {isa = PBXBuildFile; fileRef = 84A49549246CC8C800773B5C /* Common+Extensions.swift */; };
		84A4954C246CC8C800773B5C /* Array+Extensions.swift in Sources */ = {isa = PBXBuildFile; fileRef = 84A4954A246CC8C800773B5C /* Array+Extensions.swift */; };
		84A4954E246CC9BB00773B5C /* UIColor+Extensions.swift in Sources */ = {isa = PBXBuildFile; fileRef = 84A4954D246CC9BB00773B5C /* UIColor+Extensions.swift */; };
/* End PBXBuildFile section */

/* Begin PBXContainerItemProxy section */
		84A49519246CC0FD00773B5C /* PBXContainerItemProxy */ = {
			isa = PBXContainerItemProxy;
			containerPortal = 84A494FA246CC0F900773B5C /* Project object */;
			proxyType = 1;
			remoteGlobalIDString = 84A49501246CC0F900773B5C;
			remoteInfo = ArtHub;
		};
		84A49524246CC0FD00773B5C /* PBXContainerItemProxy */ = {
			isa = PBXContainerItemProxy;
			containerPortal = 84A494FA246CC0F900773B5C /* Project object */;
			proxyType = 1;
			remoteGlobalIDString = 84A49501246CC0F900773B5C;
			remoteInfo = ArtHub;
		};
/* End PBXContainerItemProxy section */

/* Begin PBXFileReference section */
		848F5096246D4FAE00112005 /* ColorPickerViewController.swift */ = {isa = PBXFileReference; fileEncoding = 4; lastKnownFileType = sourcecode.swift; path = ColorPickerViewController.swift; sourceTree = "<group>"; };
		848F5099246D4FE700112005 /* GradientSlider.swift */ = {isa = PBXFileReference; fileEncoding = 4; lastKnownFileType = sourcecode.swift; path = GradientSlider.swift; sourceTree = "<group>"; };
		84A49502246CC0F900773B5C /* ArtHub.app */ = {isa = PBXFileReference; explicitFileType = wrapper.application; includeInIndex = 0; path = ArtHub.app; sourceTree = BUILT_PRODUCTS_DIR; };
		84A49505246CC0FA00773B5C /* AppDelegate.swift */ = {isa = PBXFileReference; lastKnownFileType = sourcecode.swift; path = AppDelegate.swift; sourceTree = "<group>"; };
		84A49507246CC0FA00773B5C /* SceneDelegate.swift */ = {isa = PBXFileReference; lastKnownFileType = sourcecode.swift; path = SceneDelegate.swift; sourceTree = "<group>"; };
		84A49509246CC0FA00773B5C /* ImagePickerController.swift */ = {isa = PBXFileReference; lastKnownFileType = sourcecode.swift; path = ImagePickerController.swift; sourceTree = "<group>"; };
		84A4950C246CC0FA00773B5C /* Base */ = {isa = PBXFileReference; lastKnownFileType = file.storyboard; name = Base; path = Base.lproj/Main.storyboard; sourceTree = "<group>"; };
		84A4950E246CC0FC00773B5C /* Assets.xcassets */ = {isa = PBXFileReference; lastKnownFileType = folder.assetcatalog; path = Assets.xcassets; sourceTree = "<group>"; };
		84A49511246CC0FC00773B5C /* Base */ = {isa = PBXFileReference; lastKnownFileType = file.storyboard; name = Base; path = Base.lproj/LaunchScreen.storyboard; sourceTree = "<group>"; };
		84A49513246CC0FC00773B5C /* Info.plist */ = {isa = PBXFileReference; lastKnownFileType = text.plist.xml; path = Info.plist; sourceTree = "<group>"; };
		84A49518246CC0FD00773B5C /* ArtHubTests.xctest */ = {isa = PBXFileReference; explicitFileType = wrapper.cfbundle; includeInIndex = 0; path = ArtHubTests.xctest; sourceTree = BUILT_PRODUCTS_DIR; };
		84A4951C246CC0FD00773B5C /* ArtHubTests.swift */ = {isa = PBXFileReference; lastKnownFileType = sourcecode.swift; path = ArtHubTests.swift; sourceTree = "<group>"; };
		84A4951E246CC0FD00773B5C /* Info.plist */ = {isa = PBXFileReference; lastKnownFileType = text.plist.xml; path = Info.plist; sourceTree = "<group>"; };
		84A49523246CC0FD00773B5C /* ArtHubUITests.xctest */ = {isa = PBXFileReference; explicitFileType = wrapper.cfbundle; includeInIndex = 0; path = ArtHubUITests.xctest; sourceTree = BUILT_PRODUCTS_DIR; };
		84A49527246CC0FD00773B5C /* ArtHubUITests.swift */ = {isa = PBXFileReference; lastKnownFileType = sourcecode.swift; path = ArtHubUITests.swift; sourceTree = "<group>"; };
		84A49529246CC0FD00773B5C /* Info.plist */ = {isa = PBXFileReference; lastKnownFileType = text.plist.xml; path = Info.plist; sourceTree = "<group>"; };
		84A49538246CC7C100773B5C /* ImagePickerViewController.swift */ = {isa = PBXFileReference; fileEncoding = 4; lastKnownFileType = sourcecode.swift; path = ImagePickerViewController.swift; sourceTree = "<group>"; };
		84A4953A246CC7C100773B5C /* ItemWithImage.swift */ = {isa = PBXFileReference; fileEncoding = 4; lastKnownFileType = sourcecode.swift; path = ItemWithImage.swift; sourceTree = "<group>"; };
		84A4953D246CC82600773B5C /* UIView+Extensions.swift */ = {isa = PBXFileReference; fileEncoding = 4; lastKnownFileType = sourcecode.swift; path = "UIView+Extensions.swift"; sourceTree = "<group>"; };
		84A4953E246CC82600773B5C /* UIViewController+Extensions.swift */ = {isa = PBXFileReference; fileEncoding = 4; lastKnownFileType = sourcecode.swift; path = "UIViewController+Extensions.swift"; sourceTree = "<group>"; };
		84A4953F246CC82600773B5C /* UIApplication+Extensions.swift */ = {isa = PBXFileReference; fileEncoding = 4; lastKnownFileType = sourcecode.swift; path = "UIApplication+Extensions.swift"; sourceTree = "<group>"; };
		84A49540246CC82600773B5C /* UIAlertController+Extensions.swift */ = {isa = PBXFileReference; fileEncoding = 4; lastKnownFileType = sourcecode.swift; path = "UIAlertController+Extensions.swift"; sourceTree = "<group>"; };
		84A49541246CC82600773B5C /* UIImageView+Extensions.swift */ = {isa = PBXFileReference; fileEncoding = 4; lastKnownFileType = sourcecode.swift; path = "UIImageView+Extensions.swift"; sourceTree = "<group>"; };
		84A49542246CC82600773B5C /* UIImage+Extensions.swift */ = {isa = PBXFileReference; fileEncoding = 4; lastKnownFileType = sourcecode.swift; path = "UIImage+Extensions.swift"; sourceTree = "<group>"; };
		84A49549246CC8C800773B5C /* Common+Extensions.swift */ = {isa = PBXFileReference; fileEncoding = 4; lastKnownFileType = sourcecode.swift; path = "Common+Extensions.swift"; sourceTree = "<group>"; };
		84A4954A246CC8C800773B5C /* Array+Extensions.swift */ = {isa = PBXFileReference; fileEncoding = 4; lastKnownFileType = sourcecode.swift; path = "Array+Extensions.swift"; sourceTree = "<group>"; };
		84A4954D246CC9BB00773B5C /* UIColor+Extensions.swift */ = {isa = PBXFileReference; fileEncoding = 4; lastKnownFileType = sourcecode.swift; path = "UIColor+Extensions.swift"; sourceTree = "<group>"; };
/* End PBXFileReference section */

/* Begin PBXFrameworksBuildPhase section */
		84A494FF246CC0F900773B5C /* Frameworks */ = {
			isa = PBXFrameworksBuildPhase;
			buildActionMask = 2147483647;
			files = (
			);
			runOnlyForDeploymentPostprocessing = 0;
		};
		84A49515246CC0FD00773B5C /* Frameworks */ = {
			isa = PBXFrameworksBuildPhase;
			buildActionMask = 2147483647;
			files = (
			);
			runOnlyForDeploymentPostprocessing = 0;
		};
		84A49520246CC0FD00773B5C /* Frameworks */ = {
			isa = PBXFrameworksBuildPhase;
			buildActionMask = 2147483647;
			files = (
			);
			runOnlyForDeploymentPostprocessing = 0;
		};
/* End PBXFrameworksBuildPhase section */

/* Begin PBXGroup section */
		848F5095246D4FAE00112005 /* Color */ = {
			isa = PBXGroup;
			children = (
				848F5096246D4FAE00112005 /* ColorPickerViewController.swift */,
			);
			path = Color;
			sourceTree = "<group>";
		};
		848F5098246D4FE700112005 /* Gradient */ = {
			isa = PBXGroup;
			children = (
				848F5099246D4FE700112005 /* GradientSlider.swift */,
			);
			path = Gradient;
			sourceTree = "<group>";
		};
		84A494F9246CC0F900773B5C = {
			isa = PBXGroup;
			children = (
				84A49504246CC0F900773B5C /* ArtHub */,
				84A4951B246CC0FD00773B5C /* ArtHubTests */,
				84A49526246CC0FD00773B5C /* ArtHubUITests */,
				84A49503246CC0F900773B5C /* Products */,
			);
			sourceTree = "<group>";
		};
		84A49503246CC0F900773B5C /* Products */ = {
			isa = PBXGroup;
			children = (
				84A49502246CC0F900773B5C /* ArtHub.app */,
				84A49518246CC0FD00773B5C /* ArtHubTests.xctest */,
				84A49523246CC0FD00773B5C /* ArtHubUITests.xctest */,
			);
			name = Products;
			sourceTree = "<group>";
		};
		84A49504246CC0F900773B5C /* ArtHub */ = {
			isa = PBXGroup;
			children = (
				84A49536246CC6C400773B5C /* Helpers */,
				84A49535246CC6BA00773B5C /* Extensions */,
				84A49505246CC0FA00773B5C /* AppDelegate.swift */,
				84A49507246CC0FA00773B5C /* SceneDelegate.swift */,
				84A49509246CC0FA00773B5C /* ImagePickerController.swift */,
				84A4950B246CC0FA00773B5C /* Main.storyboard */,
				84A4950E246CC0FC00773B5C /* Assets.xcassets */,
				84A49510246CC0FC00773B5C /* LaunchScreen.storyboard */,
				84A49513246CC0FC00773B5C /* Info.plist */,
			);
			path = ArtHub;
			sourceTree = "<group>";
		};
		84A4951B246CC0FD00773B5C /* ArtHubTests */ = {
			isa = PBXGroup;
			children = (
				84A4951C246CC0FD00773B5C /* ArtHubTests.swift */,
				84A4951E246CC0FD00773B5C /* Info.plist */,
			);
			path = ArtHubTests;
			sourceTree = "<group>";
		};
		84A49526246CC0FD00773B5C /* ArtHubUITests */ = {
			isa = PBXGroup;
			children = (
				84A49527246CC0FD00773B5C /* ArtHubUITests.swift */,
				84A49529246CC0FD00773B5C /* Info.plist */,
			);
			path = ArtHubUITests;
			sourceTree = "<group>";
		};
		84A49535246CC6BA00773B5C /* Extensions */ = {
			isa = PBXGroup;
			children = (
				84A4954D246CC9BB00773B5C /* UIColor+Extensions.swift */,
				84A4954A246CC8C800773B5C /* Array+Extensions.swift */,
				84A49549246CC8C800773B5C /* Common+Extensions.swift */,
				84A49540246CC82600773B5C /* UIAlertController+Extensions.swift */,
				84A4953F246CC82600773B5C /* UIApplication+Extensions.swift */,
				84A49542246CC82600773B5C /* UIImage+Extensions.swift */,
				84A49541246CC82600773B5C /* UIImageView+Extensions.swift */,
				84A4953D246CC82600773B5C /* UIView+Extensions.swift */,
				84A4953E246CC82600773B5C /* UIViewController+Extensions.swift */,
			);
			path = Extensions;
			sourceTree = "<group>";
		};
		84A49536246CC6C400773B5C /* Helpers */ = {
			isa = PBXGroup;
			children = (
				848F5098246D4FE700112005 /* Gradient */,
				848F5095246D4FAE00112005 /* Color */,
				84A49537246CC7C100773B5C /* Image */,
			);
			path = Helpers;
			sourceTree = "<group>";
		};
		84A49537246CC7C100773B5C /* Image */ = {
			isa = PBXGroup;
			children = (
				84A49538246CC7C100773B5C /* ImagePickerViewController.swift */,
				84A49539246CC7C100773B5C /* Views */,
			);
			path = Image;
			sourceTree = "<group>";
		};
		84A49539246CC7C100773B5C /* Views */ = {
			isa = PBXGroup;
			children = (
				84A4953A246CC7C100773B5C /* ItemWithImage.swift */,
			);
			path = Views;
			sourceTree = "<group>";
		};
/* End PBXGroup section */

/* Begin PBXNativeTarget section */
		84A49501246CC0F900773B5C /* ArtHub */ = {
			isa = PBXNativeTarget;
			buildConfigurationList = 84A4952C246CC0FD00773B5C /* Build configuration list for PBXNativeTarget "ArtHub" */;
			buildPhases = (
				84A494FE246CC0F900773B5C /* Sources */,
				84A494FF246CC0F900773B5C /* Frameworks */,
				84A49500246CC0F900773B5C /* Resources */,
			);
			buildRules = (
			);
			dependencies = (
			);
			name = ArtHub;
			productName = ArtHub;
			productReference = 84A49502246CC0F900773B5C /* ArtHub.app */;
			productType = "com.apple.product-type.application";
		};
		84A49517246CC0FD00773B5C /* ArtHubTests */ = {
			isa = PBXNativeTarget;
			buildConfigurationList = 84A4952F246CC0FD00773B5C /* Build configuration list for PBXNativeTarget "ArtHubTests" */;
			buildPhases = (
				84A49514246CC0FD00773B5C /* Sources */,
				84A49515246CC0FD00773B5C /* Frameworks */,
				84A49516246CC0FD00773B5C /* Resources */,
			);
			buildRules = (
			);
			dependencies = (
				84A4951A246CC0FD00773B5C /* PBXTargetDependency */,
			);
			name = ArtHubTests;
			productName = ArtHubTests;
			productReference = 84A49518246CC0FD00773B5C /* ArtHubTests.xctest */;
			productType = "com.apple.product-type.bundle.unit-test";
		};
		84A49522246CC0FD00773B5C /* ArtHubUITests */ = {
			isa = PBXNativeTarget;
			buildConfigurationList = 84A49532246CC0FD00773B5C /* Build configuration list for PBXNativeTarget "ArtHubUITests" */;
			buildPhases = (
				84A4951F246CC0FD00773B5C /* Sources */,
				84A49520246CC0FD00773B5C /* Frameworks */,
				84A49521246CC0FD00773B5C /* Resources */,
			);
			buildRules = (
			);
			dependencies = (
				84A49525246CC0FD00773B5C /* PBXTargetDependency */,
			);
			name = ArtHubUITests;
			productName = ArtHubUITests;
			productReference = 84A49523246CC0FD00773B5C /* ArtHubUITests.xctest */;
			productType = "com.apple.product-type.bundle.ui-testing";
		};
/* End PBXNativeTarget section */

/* Begin PBXProject section */
		84A494FA246CC0F900773B5C /* Project object */ = {
			isa = PBXProject;
			attributes = {
				LastSwiftUpdateCheck = 1140;
				LastUpgradeCheck = 1140;
				ORGANIZATIONNAME = "Fitzgerald Afful";
				TargetAttributes = {
					84A49501246CC0F900773B5C = {
						CreatedOnToolsVersion = 11.4.1;
					};
					84A49517246CC0FD00773B5C = {
						CreatedOnToolsVersion = 11.4.1;
						TestTargetID = 84A49501246CC0F900773B5C;
					};
					84A49522246CC0FD00773B5C = {
						CreatedOnToolsVersion = 11.4.1;
						TestTargetID = 84A49501246CC0F900773B5C;
					};
				};
			};
			buildConfigurationList = 84A494FD246CC0F900773B5C /* Build configuration list for PBXProject "ArtHub" */;
			compatibilityVersion = "Xcode 9.3";
			developmentRegion = en;
			hasScannedForEncodings = 0;
			knownRegions = (
				en,
				Base,
			);
			mainGroup = 84A494F9246CC0F900773B5C;
			productRefGroup = 84A49503246CC0F900773B5C /* Products */;
			projectDirPath = "";
			projectRoot = "";
			targets = (
				84A49501246CC0F900773B5C /* ArtHub */,
				84A49517246CC0FD00773B5C /* ArtHubTests */,
				84A49522246CC0FD00773B5C /* ArtHubUITests */,
			);
		};
/* End PBXProject section */

/* Begin PBXResourcesBuildPhase section */
		84A49500246CC0F900773B5C /* Resources */ = {
			isa = PBXResourcesBuildPhase;
			buildActionMask = 2147483647;
			files = (
				84A49512246CC0FC00773B5C /* LaunchScreen.storyboard in Resources */,
				84A4950F246CC0FC00773B5C /* Assets.xcassets in Resources */,
				84A4950D246CC0FA00773B5C /* Main.storyboard in Resources */,
			);
			runOnlyForDeploymentPostprocessing = 0;
		};
		84A49516246CC0FD00773B5C /* Resources */ = {
			isa = PBXResourcesBuildPhase;
			buildActionMask = 2147483647;
			files = (
			);
			runOnlyForDeploymentPostprocessing = 0;
		};
		84A49521246CC0FD00773B5C /* Resources */ = {
			isa = PBXResourcesBuildPhase;
			buildActionMask = 2147483647;
			files = (
			);
			runOnlyForDeploymentPostprocessing = 0;
		};
/* End PBXResourcesBuildPhase section */

/* Begin PBXSourcesBuildPhase section */
		84A494FE246CC0F900773B5C /* Sources */ = {
			isa = PBXSourcesBuildPhase;
			buildActionMask = 2147483647;
			files = (
				848F509A246D4FE700112005 /* GradientSlider.swift in Sources */,
				84A49547246CC82600773B5C /* UIImageView+Extensions.swift in Sources */,
				84A49543246CC82600773B5C /* UIView+Extensions.swift in Sources */,
				84A4950A246CC0FA00773B5C /* ImagePickerController.swift in Sources */,
				84A49506246CC0FA00773B5C /* AppDelegate.swift in Sources */,
				84A49548246CC82600773B5C /* UIImage+Extensions.swift in Sources */,
				848F5097246D4FAE00112005 /* ColorPickerViewController.swift in Sources */,
				84A49544246CC82600773B5C /* UIViewController+Extensions.swift in Sources */,
				84A4953B246CC7C100773B5C /* ImagePickerViewController.swift in Sources */,
				84A49508246CC0FA00773B5C /* SceneDelegate.swift in Sources */,
				84A49545246CC82600773B5C /* UIApplication+Extensions.swift in Sources */,
				84A4954C246CC8C800773B5C /* Array+Extensions.swift in Sources */,
				84A49546246CC82600773B5C /* UIAlertController+Extensions.swift in Sources */,
				84A4954E246CC9BB00773B5C /* UIColor+Extensions.swift in Sources */,
				84A4954B246CC8C800773B5C /* Common+Extensions.swift in Sources */,
				84A4953C246CC7C100773B5C /* ItemWithImage.swift in Sources */,
			);
			runOnlyForDeploymentPostprocessing = 0;
		};
		84A49514246CC0FD00773B5C /* Sources */ = {
			isa = PBXSourcesBuildPhase;
			buildActionMask = 2147483647;
			files = (
				84A4951D246CC0FD00773B5C /* ArtHubTests.swift in Sources */,
			);
			runOnlyForDeploymentPostprocessing = 0;
		};
		84A4951F246CC0FD00773B5C /* Sources */ = {
			isa = PBXSourcesBuildPhase;
			buildActionMask = 2147483647;
			files = (
				84A49528246CC0FD00773B5C /* ArtHubUITests.swift in Sources */,
			);
			runOnlyForDeploymentPostprocessing = 0;
		};
/* End PBXSourcesBuildPhase section */

/* Begin PBXTargetDependency section */
		84A4951A246CC0FD00773B5C /* PBXTargetDependency */ = {
			isa = PBXTargetDependency;
			target = 84A49501246CC0F900773B5C /* ArtHub */;
			targetProxy = 84A49519246CC0FD00773B5C /* PBXContainerItemProxy */;
		};
		84A49525246CC0FD00773B5C /* PBXTargetDependency */ = {
			isa = PBXTargetDependency;
			target = 84A49501246CC0F900773B5C /* ArtHub */;
			targetProxy = 84A49524246CC0FD00773B5C /* PBXContainerItemProxy */;
		};
/* End PBXTargetDependency section */

/* Begin PBXVariantGroup section */
		84A4950B246CC0FA00773B5C /* Main.storyboard */ = {
			isa = PBXVariantGroup;
			children = (
				84A4950C246CC0FA00773B5C /* Base */,
			);
			name = Main.storyboard;
			sourceTree = "<group>";
		};
		84A49510246CC0FC00773B5C /* LaunchScreen.storyboard */ = {
			isa = PBXVariantGroup;
			children = (
				84A49511246CC0FC00773B5C /* Base */,
			);
			name = LaunchScreen.storyboard;
			sourceTree = "<group>";
		};
/* End PBXVariantGroup section */

/* Begin XCBuildConfiguration section */
		84A4952A246CC0FD00773B5C /* Debug */ = {
			isa = XCBuildConfiguration;
			buildSettings = {
				ALWAYS_SEARCH_USER_PATHS = NO;
				CLANG_ANALYZER_NONNULL = YES;
				CLANG_ANALYZER_NUMBER_OBJECT_CONVERSION = YES_AGGRESSIVE;
				CLANG_CXX_LANGUAGE_STANDARD = "gnu++14";
				CLANG_CXX_LIBRARY = "libc++";
				CLANG_ENABLE_MODULES = YES;
				CLANG_ENABLE_OBJC_ARC = YES;
				CLANG_ENABLE_OBJC_WEAK = YES;
				CLANG_WARN_BLOCK_CAPTURE_AUTORELEASING = YES;
				CLANG_WARN_BOOL_CONVERSION = YES;
				CLANG_WARN_COMMA = YES;
				CLANG_WARN_CONSTANT_CONVERSION = YES;
				CLANG_WARN_DEPRECATED_OBJC_IMPLEMENTATIONS = YES;
				CLANG_WARN_DIRECT_OBJC_ISA_USAGE = YES_ERROR;
				CLANG_WARN_DOCUMENTATION_COMMENTS = YES;
				CLANG_WARN_EMPTY_BODY = YES;
				CLANG_WARN_ENUM_CONVERSION = YES;
				CLANG_WARN_INFINITE_RECURSION = YES;
				CLANG_WARN_INT_CONVERSION = YES;
				CLANG_WARN_NON_LITERAL_NULL_CONVERSION = YES;
				CLANG_WARN_OBJC_IMPLICIT_RETAIN_SELF = YES;
				CLANG_WARN_OBJC_LITERAL_CONVERSION = YES;
				CLANG_WARN_OBJC_ROOT_CLASS = YES_ERROR;
				CLANG_WARN_RANGE_LOOP_ANALYSIS = YES;
				CLANG_WARN_STRICT_PROTOTYPES = YES;
				CLANG_WARN_SUSPICIOUS_MOVE = YES;
				CLANG_WARN_UNGUARDED_AVAILABILITY = YES_AGGRESSIVE;
				CLANG_WARN_UNREACHABLE_CODE = YES;
				CLANG_WARN__DUPLICATE_METHOD_MATCH = YES;
				COPY_PHASE_STRIP = NO;
				DEBUG_INFORMATION_FORMAT = dwarf;
				ENABLE_STRICT_OBJC_MSGSEND = YES;
				ENABLE_TESTABILITY = YES;
				GCC_C_LANGUAGE_STANDARD = gnu11;
				GCC_DYNAMIC_NO_PIC = NO;
				GCC_NO_COMMON_BLOCKS = YES;
				GCC_OPTIMIZATION_LEVEL = 0;
				GCC_PREPROCESSOR_DEFINITIONS = (
					"DEBUG=1",
					"$(inherited)",
				);
				GCC_WARN_64_TO_32_BIT_CONVERSION = YES;
				GCC_WARN_ABOUT_RETURN_TYPE = YES_ERROR;
				GCC_WARN_UNDECLARED_SELECTOR = YES;
				GCC_WARN_UNINITIALIZED_AUTOS = YES_AGGRESSIVE;
				GCC_WARN_UNUSED_FUNCTION = YES;
				GCC_WARN_UNUSED_VARIABLE = YES;
				IPHONEOS_DEPLOYMENT_TARGET = 13.4;
				MTL_ENABLE_DEBUG_INFO = INCLUDE_SOURCE;
				MTL_FAST_MATH = YES;
				ONLY_ACTIVE_ARCH = YES;
				SDKROOT = iphoneos;
				SWIFT_ACTIVE_COMPILATION_CONDITIONS = DEBUG;
				SWIFT_OPTIMIZATION_LEVEL = "-Onone";
			};
			name = Debug;
		};
		84A4952B246CC0FD00773B5C /* Release */ = {
			isa = XCBuildConfiguration;
			buildSettings = {
				ALWAYS_SEARCH_USER_PATHS = NO;
				CLANG_ANALYZER_NONNULL = YES;
				CLANG_ANALYZER_NUMBER_OBJECT_CONVERSION = YES_AGGRESSIVE;
				CLANG_CXX_LANGUAGE_STANDARD = "gnu++14";
				CLANG_CXX_LIBRARY = "libc++";
				CLANG_ENABLE_MODULES = YES;
				CLANG_ENABLE_OBJC_ARC = YES;
				CLANG_ENABLE_OBJC_WEAK = YES;
				CLANG_WARN_BLOCK_CAPTURE_AUTORELEASING = YES;
				CLANG_WARN_BOOL_CONVERSION = YES;
				CLANG_WARN_COMMA = YES;
				CLANG_WARN_CONSTANT_CONVERSION = YES;
				CLANG_WARN_DEPRECATED_OBJC_IMPLEMENTATIONS = YES;
				CLANG_WARN_DIRECT_OBJC_ISA_USAGE = YES_ERROR;
				CLANG_WARN_DOCUMENTATION_COMMENTS = YES;
				CLANG_WARN_EMPTY_BODY = YES;
				CLANG_WARN_ENUM_CONVERSION = YES;
				CLANG_WARN_INFINITE_RECURSION = YES;
				CLANG_WARN_INT_CONVERSION = YES;
				CLANG_WARN_NON_LITERAL_NULL_CONVERSION = YES;
				CLANG_WARN_OBJC_IMPLICIT_RETAIN_SELF = YES;
				CLANG_WARN_OBJC_LITERAL_CONVERSION = YES;
				CLANG_WARN_OBJC_ROOT_CLASS = YES_ERROR;
				CLANG_WARN_RANGE_LOOP_ANALYSIS = YES;
				CLANG_WARN_STRICT_PROTOTYPES = YES;
				CLANG_WARN_SUSPICIOUS_MOVE = YES;
				CLANG_WARN_UNGUARDED_AVAILABILITY = YES_AGGRESSIVE;
				CLANG_WARN_UNREACHABLE_CODE = YES;
				CLANG_WARN__DUPLICATE_METHOD_MATCH = YES;
				COPY_PHASE_STRIP = NO;
				DEBUG_INFORMATION_FORMAT = "dwarf-with-dsym";
				ENABLE_NS_ASSERTIONS = NO;
				ENABLE_STRICT_OBJC_MSGSEND = YES;
				GCC_C_LANGUAGE_STANDARD = gnu11;
				GCC_NO_COMMON_BLOCKS = YES;
				GCC_WARN_64_TO_32_BIT_CONVERSION = YES;
				GCC_WARN_ABOUT_RETURN_TYPE = YES_ERROR;
				GCC_WARN_UNDECLARED_SELECTOR = YES;
				GCC_WARN_UNINITIALIZED_AUTOS = YES_AGGRESSIVE;
				GCC_WARN_UNUSED_FUNCTION = YES;
				GCC_WARN_UNUSED_VARIABLE = YES;
				IPHONEOS_DEPLOYMENT_TARGET = 13.4;
				MTL_ENABLE_DEBUG_INFO = NO;
				MTL_FAST_MATH = YES;
				SDKROOT = iphoneos;
				SWIFT_COMPILATION_MODE = wholemodule;
				SWIFT_OPTIMIZATION_LEVEL = "-O";
				VALIDATE_PRODUCT = YES;
			};
			name = Release;
		};
		84A4952D246CC0FD00773B5C /* Debug */ = {
			isa = XCBuildConfiguration;
			buildSettings = {
				ASSETCATALOG_COMPILER_APPICON_NAME = AppIcon;
				CODE_SIGN_STYLE = Automatic;
				DEVELOPMENT_TEAM = 97XB8J435J;
				INFOPLIST_FILE = ArtHub/Info.plist;
				IPHONEOS_DEPLOYMENT_TARGET = 11.0;
				LD_RUNPATH_SEARCH_PATHS = (
					"$(inherited)",
					"@executable_path/Frameworks",
				);
				PRODUCT_BUNDLE_IDENTIFIER = fitzafful.ArtHub;
				PRODUCT_NAME = "$(TARGET_NAME)";
				SWIFT_VERSION = 5.0;
				TARGETED_DEVICE_FAMILY = "1,2";
			};
			name = Debug;
		};
		84A4952E246CC0FD00773B5C /* Release */ = {
			isa = XCBuildConfiguration;
			buildSettings = {
				ASSETCATALOG_COMPILER_APPICON_NAME = AppIcon;
				CODE_SIGN_STYLE = Automatic;
				DEVELOPMENT_TEAM = 97XB8J435J;
				INFOPLIST_FILE = ArtHub/Info.plist;
				IPHONEOS_DEPLOYMENT_TARGET = 11.0;
				LD_RUNPATH_SEARCH_PATHS = (
					"$(inherited)",
					"@executable_path/Frameworks",
				);
				PRODUCT_BUNDLE_IDENTIFIER = fitzafful.ArtHub;
				PRODUCT_NAME = "$(TARGET_NAME)";
				SWIFT_VERSION = 5.0;
				TARGETED_DEVICE_FAMILY = "1,2";
			};
			name = Release;
		};
		84A49530246CC0FD00773B5C /* Debug */ = {
			isa = XCBuildConfiguration;
			buildSettings = {
				ALWAYS_EMBED_SWIFT_STANDARD_LIBRARIES = YES;
				BUNDLE_LOADER = "$(TEST_HOST)";
				CODE_SIGN_STYLE = Automatic;
				DEVELOPMENT_TEAM = 97XB8J435J;
				INFOPLIST_FILE = ArtHubTests/Info.plist;
				IPHONEOS_DEPLOYMENT_TARGET = 13.4;
				LD_RUNPATH_SEARCH_PATHS = (
					"$(inherited)",
					"@executable_path/Frameworks",
					"@loader_path/Frameworks",
				);
				PRODUCT_BUNDLE_IDENTIFIER = fitzafful.ArtHubTests;
				PRODUCT_NAME = "$(TARGET_NAME)";
				SWIFT_VERSION = 5.0;
				TARGETED_DEVICE_FAMILY = "1,2";
				TEST_HOST = "$(BUILT_PRODUCTS_DIR)/ArtHub.app/ArtHub";
			};
			name = Debug;
		};
		84A49531246CC0FD00773B5C /* Release */ = {
			isa = XCBuildConfiguration;
			buildSettings = {
				ALWAYS_EMBED_SWIFT_STANDARD_LIBRARIES = YES;
				BUNDLE_LOADER = "$(TEST_HOST)";
				CODE_SIGN_STYLE = Automatic;
				DEVELOPMENT_TEAM = 97XB8J435J;
				INFOPLIST_FILE = ArtHubTests/Info.plist;
				IPHONEOS_DEPLOYMENT_TARGET = 13.4;
				LD_RUNPATH_SEARCH_PATHS = (
					"$(inherited)",
					"@executable_path/Frameworks",
					"@loader_path/Frameworks",
				);
				PRODUCT_BUNDLE_IDENTIFIER = fitzafful.ArtHubTests;
				PRODUCT_NAME = "$(TARGET_NAME)";
				SWIFT_VERSION = 5.0;
				TARGETED_DEVICE_FAMILY = "1,2";
				TEST_HOST = "$(BUILT_PRODUCTS_DIR)/ArtHub.app/ArtHub";
			};
			name = Release;
		};
		84A49533246CC0FD00773B5C /* Debug */ = {
			isa = XCBuildConfiguration;
			buildSettings = {
				ALWAYS_EMBED_SWIFT_STANDARD_LIBRARIES = YES;
				CODE_SIGN_STYLE = Automatic;
				DEVELOPMENT_TEAM = 97XB8J435J;
				INFOPLIST_FILE = ArtHubUITests/Info.plist;
				LD_RUNPATH_SEARCH_PATHS = (
					"$(inherited)",
					"@executable_path/Frameworks",
					"@loader_path/Frameworks",
				);
				PRODUCT_BUNDLE_IDENTIFIER = fitzafful.ArtHubUITests;
				PRODUCT_NAME = "$(TARGET_NAME)";
				SWIFT_VERSION = 5.0;
				TARGETED_DEVICE_FAMILY = "1,2";
				TEST_TARGET_NAME = ArtHub;
			};
			name = Debug;
		};
		84A49534246CC0FD00773B5C /* Release */ = {
			isa = XCBuildConfiguration;
			buildSettings = {
				ALWAYS_EMBED_SWIFT_STANDARD_LIBRARIES = YES;
				CODE_SIGN_STYLE = Automatic;
				DEVELOPMENT_TEAM = 97XB8J435J;
				INFOPLIST_FILE = ArtHubUITests/Info.plist;
				LD_RUNPATH_SEARCH_PATHS = (
					"$(inherited)",
					"@executable_path/Frameworks",
					"@loader_path/Frameworks",
				);
				PRODUCT_BUNDLE_IDENTIFIER = fitzafful.ArtHubUITests;
				PRODUCT_NAME = "$(TARGET_NAME)";
				SWIFT_VERSION = 5.0;
				TARGETED_DEVICE_FAMILY = "1,2";
				TEST_TARGET_NAME = ArtHub;
			};
			name = Release;
		};
/* End XCBuildConfiguration section */

/* Begin XCConfigurationList section */
		84A494FD246CC0F900773B5C /* Build configuration list for PBXProject "ArtHub" */ = {
			isa = XCConfigurationList;
			buildConfigurations = (
				84A4952A246CC0FD00773B5C /* Debug */,
				84A4952B246CC0FD00773B5C /* Release */,
			);
			defaultConfigurationIsVisible = 0;
			defaultConfigurationName = Release;
		};
		84A4952C246CC0FD00773B5C /* Build configuration list for PBXNativeTarget "ArtHub" */ = {
			isa = XCConfigurationList;
			buildConfigurations = (
				84A4952D246CC0FD00773B5C /* Debug */,
				84A4952E246CC0FD00773B5C /* Release */,
			);
			defaultConfigurationIsVisible = 0;
			defaultConfigurationName = Release;
		};
		84A4952F246CC0FD00773B5C /* Build configuration list for PBXNativeTarget "ArtHubTests" */ = {
			isa = XCConfigurationList;
			buildConfigurations = (
				84A49530246CC0FD00773B5C /* Debug */,
				84A49531246CC0FD00773B5C /* Release */,
			);
			defaultConfigurationIsVisible = 0;
			defaultConfigurationName = Release;
		};
		84A49532246CC0FD00773B5C /* Build configuration list for PBXNativeTarget "ArtHubUITests" */ = {
			isa = XCConfigurationList;
			buildConfigurations = (
				84A49533246CC0FD00773B5C /* Debug */,
				84A49534246CC0FD00773B5C /* Release */,
			);
			defaultConfigurationIsVisible = 0;
			defaultConfigurationName = Release;
		};
/* End XCConfigurationList section */
	};
	rootObject = 84A494FA246CC0F900773B5C /* Project object */;
}
